
Microsoft Visual Studio Solution File, Format Version 12.00
# Visual Studio Version 17
VisualStudioVersion = 17.3.32819.101
MinimumVisualStudioVersion = 10.0.40219.1
Project("{FAE04EC0-301F-11D3-BF4B-00C04F79EFBC}") = "agenceWebEF", "agenceWebEF.csproj", "{AC4CCCB9-7C53-42A3-9B8D-04C7808617E6}"
EndProject
Global
	GlobalSection(SolutionConfigurationPlatforms) = preSolution
		Debug|Any CPU = Debug|Any CPU
		Release|Any CPU = Release|Any CPU
	EndGlobalSection
	GlobalSection(ProjectConfigurationPlatforms) = postSolution
		{AC4CCCB9-7C53-42A3-9B8D-04C7808617E6}.Debug|Any CPU.ActiveCfg = Debug|Any CPU
		{AC4CCCB9-7C53-42A3-9B8D-04C7808617E6}.Debug|Any CPU.Build.0 = Debug|Any CPU
		{AC4CCCB9-7C53-42A3-9B8D-04C7808617E6}.Release|Any CPU.ActiveCfg = Release|Any CPU
		{AC4CCCB9-7C53-42A3-9B8D-04C7808617E6}.Release|Any CPU.Build.0 = Release|Any CPU
	EndGlobalSection
	GlobalSection(SolutionProperties) = preSolution
		HideSolutionNode = FALSE
	EndGlobalSection
	GlobalSection(ExtensibilityGlobals) = postSolution
		SolutionGuid = {0B754148-E6CF-42C7-B994-A33A36A975BC}
	EndGlobalSection
EndGlobal
